// !$*UTF8*$!
{
	archiveVersion = 1;
	classes = {
	};
	objectVersion = 56;
	objects = {

/* Begin PBXBuildFile section */
		D43F64442C6CDB0800BE3815 /* Assets.xcassets in Resources */ = {isa = PBXBuildFile; fileRef = D43F64432C6CDB0800BE3815 /* Assets.xcassets */; };
		D43F64452C6CDB0800BE3815 /* Assets.xcassets in Resources */ = {isa = PBXBuildFile; fileRef = D43F64432C6CDB0800BE3815 /* Assets.xcassets */; };
		D48C11012C65638D00532B3D /* Localizable.strings in Resources */ = {isa = PBXBuildFile; fileRef = D48C10FF2C65638D00532B3D /* Localizable.strings */; };
		D48C11032C6563F600532B3D /* libLGV_7_Segment.a in Frameworks */ = {isa = PBXBuildFile; fileRef = D4B0C2C72C655BB000CB5F76 /* libLGV_7_Segment.a */; };
		D4B0C2B02C655B5900CB5F76 /* LGV_7ST_AppDelegate.swift in Sources */ = {isa = PBXBuildFile; fileRef = D4B0C2AF2C655B5900CB5F76 /* LGV_7ST_AppDelegate.swift */; };
		D4B0C2B22C655B5900CB5F76 /* LGV_7ST_SceneDelegate.swift in Sources */ = {isa = PBXBuildFile; fileRef = D4B0C2B12C655B5900CB5F76 /* LGV_7ST_SceneDelegate.swift */; };
		D4B0C2B42C655B5900CB5F76 /* LGV_7ST_ViewController.swift in Sources */ = {isa = PBXBuildFile; fileRef = D4B0C2B32C655B5900CB5F76 /* LGV_7ST_ViewController.swift */; };
		D4B0C2B72C655B5900CB5F76 /* Base in Resources */ = {isa = PBXBuildFile; fileRef = D4B0C2B62C655B5900CB5F76 /* Base */; };
		D4B0C2B92C655B5900CB5F76 /* LGV_7ST_Assets.xcassets in Resources */ = {isa = PBXBuildFile; fileRef = D4B0C2B82C655B5900CB5F76 /* LGV_7ST_Assets.xcassets */; };
		D4B0C2BC2C655B5900CB5F76 /* Base in Resources */ = {isa = PBXBuildFile; fileRef = D4B0C2BB2C655B5900CB5F76 /* Base */; };
		D4B0C2CA2C655BB000CB5F76 /* LGV_7_Segment.swift in Sources */ = {isa = PBXBuildFile; fileRef = D4B0C2C92C655BB000CB5F76 /* LGV_7_Segment.swift */; };
		D4BF0C2C2C692F930006A898 /* LGV_7_Segment_Group.swift in Sources */ = {isa = PBXBuildFile; fileRef = D4BF0C2B2C692F930006A898 /* LGV_7_Segment_Group.swift */; };
		D4BF0C342C692FE60006A898 /* LGV_7SGT_AppDelegate.swift in Sources */ = {isa = PBXBuildFile; fileRef = D4BF0C332C692FE60006A898 /* LGV_7SGT_AppDelegate.swift */; };
		D4BF0C362C692FE60006A898 /* LGV_7SGT_SceneDelegate.swift in Sources */ = {isa = PBXBuildFile; fileRef = D4BF0C352C692FE60006A898 /* LGV_7SGT_SceneDelegate.swift */; };
		D4BF0C382C692FE60006A898 /* LGV_7SGT_ViewController.swift in Sources */ = {isa = PBXBuildFile; fileRef = D4BF0C372C692FE60006A898 /* LGV_7SGT_ViewController.swift */; };
		D4BF0C3B2C692FE60006A898 /* Base in Resources */ = {isa = PBXBuildFile; fileRef = D4BF0C3A2C692FE60006A898 /* Base */; };
		D4BF0C3D2C692FE60006A898 /* LGV_7SGT_Assets.xcassets in Resources */ = {isa = PBXBuildFile; fileRef = D4BF0C3C2C692FE60006A898 /* LGV_7SGT_Assets.xcassets */; };
		D4BF0C402C692FE60006A898 /* Base in Resources */ = {isa = PBXBuildFile; fileRef = D4BF0C3F2C692FE60006A898 /* Base */; };
		D4BF0C492C6931750006A898 /* RVS_Generic_Swift_Toolbox in Frameworks */ = {isa = PBXBuildFile; productRef = D4BF0C482C6931750006A898 /* RVS_Generic_Swift_Toolbox */; };
		D4BF0C4A2C6931790006A898 /* libLGV_7_Segment.a in Frameworks */ = {isa = PBXBuildFile; fileRef = D4B0C2C72C655BB000CB5F76 /* libLGV_7_Segment.a */; };
		D4BF0C4D2C6931A60006A898 /* Localizable.strings in Resources */ = {isa = PBXBuildFile; fileRef = D48C10FF2C65638D00532B3D /* Localizable.strings */; };
		D4E14C022C68EA92008AE070 /* RVS_Generic_Swift_Toolbox in Frameworks */ = {isa = PBXBuildFile; productRef = D4E14C012C68EA92008AE070 /* RVS_Generic_Swift_Toolbox */; };
		D4FAFFB02C68286300A5C536 /* LGV_7_Segment.docc in Sources */ = {isa = PBXBuildFile; fileRef = D4FAFFAF2C68286300A5C536 /* LGV_7_Segment.docc */; };
/* End PBXBuildFile section */

/* Begin PBXContainerItemProxy section */
		D48C11042C6563F600532B3D /* PBXContainerItemProxy */ = {
			isa = PBXContainerItemProxy;
			containerPortal = D4B0C2A42C655B5800CB5F76 /* Project object */;
			proxyType = 1;
			remoteGlobalIDString = D4B0C2C62C655BB000CB5F76;
			remoteInfo = LGV_7_Segment;
		};
		D4BF0C4B2C6931790006A898 /* PBXContainerItemProxy */ = {
			isa = PBXContainerItemProxy;
			containerPortal = D4B0C2A42C655B5800CB5F76 /* Project object */;
			proxyType = 1;
			remoteGlobalIDString = D4B0C2C62C655BB000CB5F76;
			remoteInfo = LGV_7_Segment;
		};
/* End PBXContainerItemProxy section */

/* Begin PBXCopyFilesBuildPhase section */
		D4B0C2C52C655BB000CB5F76 /* CopyFiles */ = {
			isa = PBXCopyFilesBuildPhase;
			buildActionMask = 2147483647;
			dstPath = "include/$(PRODUCT_NAME)";
			dstSubfolderSpec = 16;
			files = (
			);
			runOnlyForDeploymentPostprocessing = 0;
		};
/* End PBXCopyFilesBuildPhase section */

/* Begin PBXFileReference section */
		D43F64432C6CDB0800BE3815 /* Assets.xcassets */ = {isa = PBXFileReference; lastKnownFileType = folder.assetcatalog; path = Assets.xcassets; sourceTree = "<group>"; };
		D48C11002C65638D00532B3D /* en */ = {isa = PBXFileReference; lastKnownFileType = text.plist.strings; name = en; path = en.lproj/Localizable.strings; sourceTree = "<group>"; };
		D4B0C2AC2C655B5900CB5F76 /* LGV_7_Segment_Tester.app */ = {isa = PBXFileReference; explicitFileType = wrapper.application; includeInIndex = 0; path = LGV_7_Segment_Tester.app; sourceTree = BUILT_PRODUCTS_DIR; };
		D4B0C2AF2C655B5900CB5F76 /* LGV_7ST_AppDelegate.swift */ = {isa = PBXFileReference; lastKnownFileType = sourcecode.swift; path = LGV_7ST_AppDelegate.swift; sourceTree = "<group>"; };
		D4B0C2B12C655B5900CB5F76 /* LGV_7ST_SceneDelegate.swift */ = {isa = PBXFileReference; lastKnownFileType = sourcecode.swift; path = LGV_7ST_SceneDelegate.swift; sourceTree = "<group>"; };
		D4B0C2B32C655B5900CB5F76 /* LGV_7ST_ViewController.swift */ = {isa = PBXFileReference; lastKnownFileType = sourcecode.swift; path = LGV_7ST_ViewController.swift; sourceTree = "<group>"; };
		D4B0C2B62C655B5900CB5F76 /* Base */ = {isa = PBXFileReference; lastKnownFileType = file.storyboard; name = Base; path = Base.lproj/LGV_7ST_Main.storyboard; sourceTree = "<group>"; };
		D4B0C2B82C655B5900CB5F76 /* LGV_7ST_Assets.xcassets */ = {isa = PBXFileReference; lastKnownFileType = folder.assetcatalog; path = LGV_7ST_Assets.xcassets; sourceTree = "<group>"; };
		D4B0C2BB2C655B5900CB5F76 /* Base */ = {isa = PBXFileReference; lastKnownFileType = file.storyboard; name = Base; path = Base.lproj/LGV_7ST_LaunchScreen.storyboard; sourceTree = "<group>"; };
		D4B0C2BD2C655B5900CB5F76 /* Info.plist */ = {isa = PBXFileReference; lastKnownFileType = text.plist.xml; path = Info.plist; sourceTree = "<group>"; };
		D4B0C2C72C655BB000CB5F76 /* libLGV_7_Segment.a */ = {isa = PBXFileReference; explicitFileType = archive.ar; includeInIndex = 0; path = libLGV_7_Segment.a; sourceTree = BUILT_PRODUCTS_DIR; };
		D4B0C2C92C655BB000CB5F76 /* LGV_7_Segment.swift */ = {isa = PBXFileReference; lastKnownFileType = sourcecode.swift; path = LGV_7_Segment.swift; sourceTree = "<group>"; };
		D4B0C2D22C655F6C00CB5F76 /* Warnings.xcconfig */ = {isa = PBXFileReference; lastKnownFileType = text.xcconfig; path = Warnings.xcconfig; sourceTree = "<group>"; };
		D4BF0C2B2C692F930006A898 /* LGV_7_Segment_Group.swift */ = {isa = PBXFileReference; fileEncoding = 4; lastKnownFileType = sourcecode.swift; path = LGV_7_Segment_Group.swift; sourceTree = "<group>"; };
		D4BF0C312C692FE60006A898 /* LGV_7_Segment_Group_Tester.app */ = {isa = PBXFileReference; explicitFileType = wrapper.application; includeInIndex = 0; path = LGV_7_Segment_Group_Tester.app; sourceTree = BUILT_PRODUCTS_DIR; };
		D4BF0C332C692FE60006A898 /* LGV_7SGT_AppDelegate.swift */ = {isa = PBXFileReference; lastKnownFileType = sourcecode.swift; path = LGV_7SGT_AppDelegate.swift; sourceTree = "<group>"; };
		D4BF0C352C692FE60006A898 /* LGV_7SGT_SceneDelegate.swift */ = {isa = PBXFileReference; lastKnownFileType = sourcecode.swift; path = LGV_7SGT_SceneDelegate.swift; sourceTree = "<group>"; };
		D4BF0C372C692FE60006A898 /* LGV_7SGT_ViewController.swift */ = {isa = PBXFileReference; lastKnownFileType = sourcecode.swift; path = LGV_7SGT_ViewController.swift; sourceTree = "<group>"; };
		D4BF0C3A2C692FE60006A898 /* Base */ = {isa = PBXFileReference; lastKnownFileType = file.storyboard; name = Base; path = Base.lproj/LGV_7SGT_Main.storyboard; sourceTree = "<group>"; };
		D4BF0C3C2C692FE60006A898 /* LGV_7SGT_Assets.xcassets */ = {isa = PBXFileReference; lastKnownFileType = folder.assetcatalog; path = LGV_7SGT_Assets.xcassets; sourceTree = "<group>"; };
		D4BF0C3F2C692FE60006A898 /* Base */ = {isa = PBXFileReference; lastKnownFileType = file.storyboard; name = Base; path = Base.lproj/LGV_7SGT_LaunchScreen.storyboard; sourceTree = "<group>"; };
		D4BF0C412C692FE60006A898 /* Info.plist */ = {isa = PBXFileReference; lastKnownFileType = text.plist.xml; path = Info.plist; sourceTree = "<group>"; };
		D4FAFFAF2C68286300A5C536 /* LGV_7_Segment.docc */ = {isa = PBXFileReference; lastKnownFileType = folder.documentationcatalog; path = LGV_7_Segment.docc; sourceTree = "<group>"; };
/* End PBXFileReference section */

/* Begin PBXFrameworksBuildPhase section */
		D4B0C2A92C655B5800CB5F76 /* Frameworks */ = {
			isa = PBXFrameworksBuildPhase;
			buildActionMask = 2147483647;
			files = (
				D4E14C022C68EA92008AE070 /* RVS_Generic_Swift_Toolbox in Frameworks */,
				D48C11032C6563F600532B3D /* libLGV_7_Segment.a in Frameworks */,
			);
			runOnlyForDeploymentPostprocessing = 0;
		};
		D4B0C2C42C655BB000CB5F76 /* Frameworks */ = {
			isa = PBXFrameworksBuildPhase;
			buildActionMask = 2147483647;
			files = (
			);
			runOnlyForDeploymentPostprocessing = 0;
		};
		D4BF0C2E2C692FE60006A898 /* Frameworks */ = {
			isa = PBXFrameworksBuildPhase;
			buildActionMask = 2147483647;
			files = (
				D4BF0C492C6931750006A898 /* RVS_Generic_Swift_Toolbox in Frameworks */,
				D4BF0C4A2C6931790006A898 /* libLGV_7_Segment.a in Frameworks */,
			);
			runOnlyForDeploymentPostprocessing = 0;
		};
/* End PBXFrameworksBuildPhase section */

/* Begin PBXGroup section */
		D4B0C2A32C655B5800CB5F76 = {
			isa = PBXGroup;
			children = (
				D4B0C2CE2C655C1A00CB5F76 /* Sources */,
				D4BF0C512C69332C0006A898 /* Tests */,
				D4B0C2D32C655F6C00CB5F76 /* Project-Meta */,
				D4B0C2AD2C655B5900CB5F76 /* Products */,
				D4BF0C472C6931750006A898 /* Frameworks */,
			);
			sourceTree = "<group>";
		};
		D4B0C2AD2C655B5900CB5F76 /* Products */ = {
			isa = PBXGroup;
			children = (
				D4B0C2AC2C655B5900CB5F76 /* LGV_7_Segment_Tester.app */,
				D4B0C2C72C655BB000CB5F76 /* libLGV_7_Segment.a */,
				D4BF0C312C692FE60006A898 /* LGV_7_Segment_Group_Tester.app */,
			);
			name = Products;
			sourceTree = "<group>";
		};
		D4B0C2AE2C655B5900CB5F76 /* LGV_7_Segment_Tester */ = {
			isa = PBXGroup;
			children = (
				D4B0C2AF2C655B5900CB5F76 /* LGV_7ST_AppDelegate.swift */,
				D4B0C2B12C655B5900CB5F76 /* LGV_7ST_SceneDelegate.swift */,
				D4B0C2B32C655B5900CB5F76 /* LGV_7ST_ViewController.swift */,
				D4B0C2D02C655CA300CB5F76 /* Resources */,
				D4B0C2CF2C655C9900CB5F76 /* Meta */,
			);
			path = LGV_7_Segment_Tester;
			sourceTree = "<group>";
		};
		D4B0C2C82C655BB000CB5F76 /* LGV_7_Segment */ = {
			isa = PBXGroup;
			children = (
				D4B0C2C92C655BB000CB5F76 /* LGV_7_Segment.swift */,
				D4BF0C2B2C692F930006A898 /* LGV_7_Segment_Group.swift */,
			);
			path = LGV_7_Segment;
			sourceTree = "<group>";
		};
		D4B0C2CE2C655C1A00CB5F76 /* Sources */ = {
			isa = PBXGroup;
			children = (
				D4B0C2C82C655BB000CB5F76 /* LGV_7_Segment */,
				D4FAFFAF2C68286300A5C536 /* LGV_7_Segment.docc */,
			);
			path = Sources;
			sourceTree = "<group>";
		};
		D4B0C2CF2C655C9900CB5F76 /* Meta */ = {
			isa = PBXGroup;
			children = (
				D4B0C2BD2C655B5900CB5F76 /* Info.plist */,
			);
			path = Meta;
			sourceTree = "<group>";
		};
		D4B0C2D02C655CA300CB5F76 /* Resources */ = {
			isa = PBXGroup;
			children = (
				D4B0C2B52C655B5900CB5F76 /* LGV_7ST_Main.storyboard */,
				D4B0C2B82C655B5900CB5F76 /* LGV_7ST_Assets.xcassets */,
				D4B0C2BA2C655B5900CB5F76 /* LGV_7ST_LaunchScreen.storyboard */,
			);
			path = Resources;
			sourceTree = "<group>";
		};
		D4B0C2D32C655F6C00CB5F76 /* Project-Meta */ = {
			isa = PBXGroup;
			children = (
				D4B0C2D22C655F6C00CB5F76 /* Warnings.xcconfig */,
			);
			path = "Project-Meta";
			sourceTree = "<group>";
		};
		D4BF0C322C692FE60006A898 /* LGV_7_Segment_Group_Tester */ = {
			isa = PBXGroup;
			children = (
				D4BF0C332C692FE60006A898 /* LGV_7SGT_AppDelegate.swift */,
				D4BF0C352C692FE60006A898 /* LGV_7SGT_SceneDelegate.swift */,
				D4BF0C372C692FE60006A898 /* LGV_7SGT_ViewController.swift */,
				D4BF0C452C692FFB0006A898 /* Resources */,
				D4BF0C462C69304F0006A898 /* Meta */,
			);
			path = LGV_7_Segment_Group_Tester;
			sourceTree = "<group>";
		};
		D4BF0C452C692FFB0006A898 /* Resources */ = {
			isa = PBXGroup;
			children = (
				D4BF0C392C692FE60006A898 /* LGV_7SGT_Main.storyboard */,
				D4BF0C3C2C692FE60006A898 /* LGV_7SGT_Assets.xcassets */,
				D4BF0C3E2C692FE60006A898 /* LGV_7SGT_LaunchScreen.storyboard */,
			);
			path = Resources;
			sourceTree = "<group>";
		};
		D4BF0C462C69304F0006A898 /* Meta */ = {
			isa = PBXGroup;
			children = (
				D4BF0C412C692FE60006A898 /* Info.plist */,
			);
			path = Meta;
			sourceTree = "<group>";
		};
		D4BF0C472C6931750006A898 /* Frameworks */ = {
			isa = PBXGroup;
			children = (
			);
			name = Frameworks;
			sourceTree = "<group>";
		};
		D4BF0C4E2C6931B00006A898 /* Test_Common */ = {
			isa = PBXGroup;
			children = (
				D4BF0C4F2C6931BA0006A898 /* Resources */,
			);
			path = Test_Common;
			sourceTree = "<group>";
		};
		D4BF0C4F2C6931BA0006A898 /* Resources */ = {
			isa = PBXGroup;
			children = (
				D43F64432C6CDB0800BE3815 /* Assets.xcassets */,
				D48C10FF2C65638D00532B3D /* Localizable.strings */,
			);
			path = Resources;
			sourceTree = "<group>";
		};
		D4BF0C512C69332C0006A898 /* Tests */ = {
			isa = PBXGroup;
			children = (
				D4BF0C4E2C6931B00006A898 /* Test_Common */,
				D4B0C2AE2C655B5900CB5F76 /* LGV_7_Segment_Tester */,
				D4BF0C322C692FE60006A898 /* LGV_7_Segment_Group_Tester */,
			);
			path = Tests;
			sourceTree = "<group>";
		};
/* End PBXGroup section */

/* Begin PBXNativeTarget section */
		D4B0C2AB2C655B5800CB5F76 /* LGV_7_Segment_Tester */ = {
			isa = PBXNativeTarget;
			buildConfigurationList = D4B0C2C02C655B5900CB5F76 /* Build configuration list for PBXNativeTarget "LGV_7_Segment_Tester" */;
			buildPhases = (
				D4B0C2A82C655B5800CB5F76 /* Sources */,
				D4B0C2A92C655B5800CB5F76 /* Frameworks */,
				D4B0C2AA2C655B5800CB5F76 /* Resources */,
			);
			buildRules = (
			);
			dependencies = (
				D48C11052C6563F600532B3D /* PBXTargetDependency */,
			);
			name = LGV_7_Segment_Tester;
			packageProductDependencies = (
				D4E14C012C68EA92008AE070 /* RVS_Generic_Swift_Toolbox */,
			);
			productName = LGV_7_Segment;
			productReference = D4B0C2AC2C655B5900CB5F76 /* LGV_7_Segment_Tester.app */;
			productType = "com.apple.product-type.application";
		};
		D4B0C2C62C655BB000CB5F76 /* LGV_7_Segment */ = {
			isa = PBXNativeTarget;
			buildConfigurationList = D4B0C2CB2C655BB000CB5F76 /* Build configuration list for PBXNativeTarget "LGV_7_Segment" */;
			buildPhases = (
				D4B0C2C32C655BB000CB5F76 /* Sources */,
				D4B0C2C42C655BB000CB5F76 /* Frameworks */,
				D4B0C2C52C655BB000CB5F76 /* CopyFiles */,
			);
			buildRules = (
			);
			dependencies = (
			);
			name = LGV_7_Segment;
			productName = LGV_7Segment;
			productReference = D4B0C2C72C655BB000CB5F76 /* libLGV_7_Segment.a */;
			productType = "com.apple.product-type.library.static";
		};
		D4BF0C302C692FE60006A898 /* LGV_7_Segment_Group_Tester */ = {
			isa = PBXNativeTarget;
			buildConfigurationList = D4BF0C422C692FE60006A898 /* Build configuration list for PBXNativeTarget "LGV_7_Segment_Group_Tester" */;
			buildPhases = (
				D4BF0C2D2C692FE60006A898 /* Sources */,
				D4BF0C2E2C692FE60006A898 /* Frameworks */,
				D4BF0C2F2C692FE60006A898 /* Resources */,
			);
			buildRules = (
			);
			dependencies = (
				D4BF0C4C2C6931790006A898 /* PBXTargetDependency */,
			);
			name = LGV_7_Segment_Group_Tester;
			packageProductDependencies = (
				D4BF0C482C6931750006A898 /* RVS_Generic_Swift_Toolbox */,
			);
			productName = LGV_7_Sement_Group_Tester;
			productReference = D4BF0C312C692FE60006A898 /* LGV_7_Segment_Group_Tester.app */;
			productType = "com.apple.product-type.application";
		};
/* End PBXNativeTarget section */

/* Begin PBXProject section */
		D4B0C2A42C655B5800CB5F76 /* Project object */ = {
			isa = PBXProject;
			attributes = {
				BuildIndependentTargetsInParallel = 1;
				LastSwiftUpdateCheck = 1540;
				LastUpgradeCheck = 1540;
				TargetAttributes = {
					D4B0C2AB2C655B5800CB5F76 = {
						CreatedOnToolsVersion = 15.4;
					};
					D4B0C2C62C655BB000CB5F76 = {
						CreatedOnToolsVersion = 15.4;
					};
					D4BF0C302C692FE60006A898 = {
						CreatedOnToolsVersion = 15.4;
					};
				};
			};
			buildConfigurationList = D4B0C2A72C655B5800CB5F76 /* Build configuration list for PBXProject "LGV_7_Segment" */;
			compatibilityVersion = "Xcode 14.0";
			developmentRegion = en;
			hasScannedForEncodings = 0;
			knownRegions = (
				en,
				Base,
			);
			mainGroup = D4B0C2A32C655B5800CB5F76;
			packageReferences = (
				D4E14C002C68EA92008AE070 /* XCRemoteSwiftPackageReference "RVS_Generic_Swift_Toolbox" */,
			);
			productRefGroup = D4B0C2AD2C655B5900CB5F76 /* Products */;
			projectDirPath = "";
			projectRoot = "";
			targets = (
				D4B0C2C62C655BB000CB5F76 /* LGV_7_Segment */,
				D4B0C2AB2C655B5800CB5F76 /* LGV_7_Segment_Tester */,
				D4BF0C302C692FE60006A898 /* LGV_7_Segment_Group_Tester */,
			);
		};
/* End PBXProject section */

/* Begin PBXResourcesBuildPhase section */
		D4B0C2AA2C655B5800CB5F76 /* Resources */ = {
			isa = PBXResourcesBuildPhase;
			buildActionMask = 2147483647;
			files = (
				D4B0C2B92C655B5900CB5F76 /* LGV_7ST_Assets.xcassets in Resources */,
				D48C11012C65638D00532B3D /* Localizable.strings in Resources */,
				D4B0C2BC2C655B5900CB5F76 /* Base in Resources */,
				D4B0C2B72C655B5900CB5F76 /* Base in Resources */,
				D43F64442C6CDB0800BE3815 /* Assets.xcassets in Resources */,
			);
			runOnlyForDeploymentPostprocessing = 0;
		};
		D4BF0C2F2C692FE60006A898 /* Resources */ = {
			isa = PBXResourcesBuildPhase;
			buildActionMask = 2147483647;
			files = (
				D4BF0C3D2C692FE60006A898 /* LGV_7SGT_Assets.xcassets in Resources */,
				D4BF0C4D2C6931A60006A898 /* Localizable.strings in Resources */,
				D4BF0C402C692FE60006A898 /* Base in Resources */,
				D4BF0C3B2C692FE60006A898 /* Base in Resources */,
				D43F64452C6CDB0800BE3815 /* Assets.xcassets in Resources */,
			);
			runOnlyForDeploymentPostprocessing = 0;
		};
/* End PBXResourcesBuildPhase section */

/* Begin PBXSourcesBuildPhase section */
		D4B0C2A82C655B5800CB5F76 /* Sources */ = {
			isa = PBXSourcesBuildPhase;
			buildActionMask = 2147483647;
			files = (
				D4B0C2B42C655B5900CB5F76 /* LGV_7ST_ViewController.swift in Sources */,
				D4B0C2B02C655B5900CB5F76 /* LGV_7ST_AppDelegate.swift in Sources */,
				D4B0C2B22C655B5900CB5F76 /* LGV_7ST_SceneDelegate.swift in Sources */,
			);
			runOnlyForDeploymentPostprocessing = 0;
		};
		D4B0C2C32C655BB000CB5F76 /* Sources */ = {
			isa = PBXSourcesBuildPhase;
			buildActionMask = 2147483647;
			files = (
				D4BF0C2C2C692F930006A898 /* LGV_7_Segment_Group.swift in Sources */,
				D4FAFFB02C68286300A5C536 /* LGV_7_Segment.docc in Sources */,
				D4B0C2CA2C655BB000CB5F76 /* LGV_7_Segment.swift in Sources */,
			);
			runOnlyForDeploymentPostprocessing = 0;
		};
		D4BF0C2D2C692FE60006A898 /* Sources */ = {
			isa = PBXSourcesBuildPhase;
			buildActionMask = 2147483647;
			files = (
				D4BF0C382C692FE60006A898 /* LGV_7SGT_ViewController.swift in Sources */,
				D4BF0C342C692FE60006A898 /* LGV_7SGT_AppDelegate.swift in Sources */,
				D4BF0C362C692FE60006A898 /* LGV_7SGT_SceneDelegate.swift in Sources */,
			);
			runOnlyForDeploymentPostprocessing = 0;
		};
/* End PBXSourcesBuildPhase section */

/* Begin PBXTargetDependency section */
		D48C11052C6563F600532B3D /* PBXTargetDependency */ = {
			isa = PBXTargetDependency;
			target = D4B0C2C62C655BB000CB5F76 /* LGV_7_Segment */;
			targetProxy = D48C11042C6563F600532B3D /* PBXContainerItemProxy */;
		};
		D4BF0C4C2C6931790006A898 /* PBXTargetDependency */ = {
			isa = PBXTargetDependency;
			target = D4B0C2C62C655BB000CB5F76 /* LGV_7_Segment */;
			targetProxy = D4BF0C4B2C6931790006A898 /* PBXContainerItemProxy */;
		};
/* End PBXTargetDependency section */

/* Begin PBXVariantGroup section */
		D48C10FF2C65638D00532B3D /* Localizable.strings */ = {
			isa = PBXVariantGroup;
			children = (
				D48C11002C65638D00532B3D /* en */,
			);
			name = Localizable.strings;
			sourceTree = "<group>";
		};
		D4B0C2B52C655B5900CB5F76 /* LGV_7ST_Main.storyboard */ = {
			isa = PBXVariantGroup;
			children = (
				D4B0C2B62C655B5900CB5F76 /* Base */,
			);
			name = LGV_7ST_Main.storyboard;
			sourceTree = "<group>";
		};
		D4B0C2BA2C655B5900CB5F76 /* LGV_7ST_LaunchScreen.storyboard */ = {
			isa = PBXVariantGroup;
			children = (
				D4B0C2BB2C655B5900CB5F76 /* Base */,
			);
			name = LGV_7ST_LaunchScreen.storyboard;
			sourceTree = "<group>";
		};
		D4BF0C392C692FE60006A898 /* LGV_7SGT_Main.storyboard */ = {
			isa = PBXVariantGroup;
			children = (
				D4BF0C3A2C692FE60006A898 /* Base */,
			);
			name = LGV_7SGT_Main.storyboard;
			sourceTree = "<group>";
		};
		D4BF0C3E2C692FE60006A898 /* LGV_7SGT_LaunchScreen.storyboard */ = {
			isa = PBXVariantGroup;
			children = (
				D4BF0C3F2C692FE60006A898 /* Base */,
			);
			name = LGV_7SGT_LaunchScreen.storyboard;
			sourceTree = "<group>";
		};
/* End PBXVariantGroup section */

/* Begin XCBuildConfiguration section */
		D4B0C2BE2C655B5900CB5F76 /* Debug */ = {
			isa = XCBuildConfiguration;
			baseConfigurationReference = D4B0C2D22C655F6C00CB5F76 /* Warnings.xcconfig */;
			buildSettings = {
				ALWAYS_SEARCH_USER_PATHS = NO;
				ASSETCATALOG_COMPILER_GENERATE_SWIFT_ASSET_SYMBOL_EXTENSIONS = YES;
				CLANG_ANALYZER_NONNULL = YES;
				CLANG_ANALYZER_NUMBER_OBJECT_CONVERSION = YES_AGGRESSIVE;
				CLANG_CXX_LANGUAGE_STANDARD = "gnu++20";
				CLANG_ENABLE_MODULES = YES;
				CLANG_ENABLE_OBJC_ARC = YES;
				CLANG_ENABLE_OBJC_WEAK = YES;
				CLANG_WARN_BLOCK_CAPTURE_AUTORELEASING = YES;
				CLANG_WARN_BOOL_CONVERSION = YES;
				CLANG_WARN_COMMA = YES;
				CLANG_WARN_CONSTANT_CONVERSION = YES;
				CLANG_WARN_DEPRECATED_OBJC_IMPLEMENTATIONS = YES;
				CLANG_WARN_DIRECT_OBJC_ISA_USAGE = YES_ERROR;
				CLANG_WARN_DOCUMENTATION_COMMENTS = YES;
				CLANG_WARN_EMPTY_BODY = YES;
				CLANG_WARN_ENUM_CONVERSION = YES;
				CLANG_WARN_INFINITE_RECURSION = YES;
				CLANG_WARN_INT_CONVERSION = YES;
				CLANG_WARN_NON_LITERAL_NULL_CONVERSION = YES;
				CLANG_WARN_OBJC_IMPLICIT_RETAIN_SELF = YES;
				CLANG_WARN_OBJC_LITERAL_CONVERSION = YES;
				CLANG_WARN_OBJC_ROOT_CLASS = YES_ERROR;
				CLANG_WARN_QUOTED_INCLUDE_IN_FRAMEWORK_HEADER = YES;
				CLANG_WARN_RANGE_LOOP_ANALYSIS = YES;
				CLANG_WARN_STRICT_PROTOTYPES = YES;
				CLANG_WARN_SUSPICIOUS_MOVE = YES;
				CLANG_WARN_UNGUARDED_AVAILABILITY = YES_AGGRESSIVE;
				CLANG_WARN_UNREACHABLE_CODE = YES;
				CLANG_WARN__DUPLICATE_METHOD_MATCH = YES;
				COPY_PHASE_STRIP = NO;
				DEBUG_INFORMATION_FORMAT = dwarf;
				ENABLE_STRICT_OBJC_MSGSEND = YES;
				ENABLE_TESTABILITY = YES;
				ENABLE_USER_SCRIPT_SANDBOXING = YES;
				GCC_C_LANGUAGE_STANDARD = gnu17;
				GCC_DYNAMIC_NO_PIC = NO;
				GCC_NO_COMMON_BLOCKS = YES;
				GCC_OPTIMIZATION_LEVEL = 0;
				GCC_PREPROCESSOR_DEFINITIONS = (
					"DEBUG=1",
					"$(inherited)",
				);
				GCC_WARN_64_TO_32_BIT_CONVERSION = YES;
				GCC_WARN_ABOUT_RETURN_TYPE = YES_ERROR;
				GCC_WARN_UNDECLARED_SELECTOR = YES;
				GCC_WARN_UNINITIALIZED_AUTOS = YES_AGGRESSIVE;
				GCC_WARN_UNUSED_FUNCTION = YES;
				GCC_WARN_UNUSED_VARIABLE = YES;
				IPHONEOS_DEPLOYMENT_TARGET = 15.0;
				LOCALIZATION_PREFERS_STRING_CATALOGS = YES;
				MTL_ENABLE_DEBUG_INFO = INCLUDE_SOURCE;
				MTL_FAST_MATH = YES;
				ONLY_ACTIVE_ARCH = YES;
				SDKROOT = iphoneos;
				SWIFT_ACTIVE_COMPILATION_CONDITIONS = "DEBUG $(inherited)";
				SWIFT_OPTIMIZATION_LEVEL = "-Onone";
			};
			name = Debug;
		};
		D4B0C2BF2C655B5900CB5F76 /* Release */ = {
			isa = XCBuildConfiguration;
			baseConfigurationReference = D4B0C2D22C655F6C00CB5F76 /* Warnings.xcconfig */;
			buildSettings = {
				ALWAYS_SEARCH_USER_PATHS = NO;
				ASSETCATALOG_COMPILER_GENERATE_SWIFT_ASSET_SYMBOL_EXTENSIONS = YES;
				CLANG_ANALYZER_NONNULL = YES;
				CLANG_ANALYZER_NUMBER_OBJECT_CONVERSION = YES_AGGRESSIVE;
				CLANG_CXX_LANGUAGE_STANDARD = "gnu++20";
				CLANG_ENABLE_MODULES = YES;
				CLANG_ENABLE_OBJC_ARC = YES;
				CLANG_ENABLE_OBJC_WEAK = YES;
				CLANG_WARN_BLOCK_CAPTURE_AUTORELEASING = YES;
				CLANG_WARN_BOOL_CONVERSION = YES;
				CLANG_WARN_COMMA = YES;
				CLANG_WARN_CONSTANT_CONVERSION = YES;
				CLANG_WARN_DEPRECATED_OBJC_IMPLEMENTATIONS = YES;
				CLANG_WARN_DIRECT_OBJC_ISA_USAGE = YES_ERROR;
				CLANG_WARN_DOCUMENTATION_COMMENTS = YES;
				CLANG_WARN_EMPTY_BODY = YES;
				CLANG_WARN_ENUM_CONVERSION = YES;
				CLANG_WARN_INFINITE_RECURSION = YES;
				CLANG_WARN_INT_CONVERSION = YES;
				CLANG_WARN_NON_LITERAL_NULL_CONVERSION = YES;
				CLANG_WARN_OBJC_IMPLICIT_RETAIN_SELF = YES;
				CLANG_WARN_OBJC_LITERAL_CONVERSION = YES;
				CLANG_WARN_OBJC_ROOT_CLASS = YES_ERROR;
				CLANG_WARN_QUOTED_INCLUDE_IN_FRAMEWORK_HEADER = YES;
				CLANG_WARN_RANGE_LOOP_ANALYSIS = YES;
				CLANG_WARN_STRICT_PROTOTYPES = YES;
				CLANG_WARN_SUSPICIOUS_MOVE = YES;
				CLANG_WARN_UNGUARDED_AVAILABILITY = YES_AGGRESSIVE;
				CLANG_WARN_UNREACHABLE_CODE = YES;
				CLANG_WARN__DUPLICATE_METHOD_MATCH = YES;
				COPY_PHASE_STRIP = NO;
				DEBUG_INFORMATION_FORMAT = "dwarf-with-dsym";
				ENABLE_NS_ASSERTIONS = NO;
				ENABLE_STRICT_OBJC_MSGSEND = YES;
				ENABLE_USER_SCRIPT_SANDBOXING = YES;
				GCC_C_LANGUAGE_STANDARD = gnu17;
				GCC_NO_COMMON_BLOCKS = YES;
				GCC_WARN_64_TO_32_BIT_CONVERSION = YES;
				GCC_WARN_ABOUT_RETURN_TYPE = YES_ERROR;
				GCC_WARN_UNDECLARED_SELECTOR = YES;
				GCC_WARN_UNINITIALIZED_AUTOS = YES_AGGRESSIVE;
				GCC_WARN_UNUSED_FUNCTION = YES;
				GCC_WARN_UNUSED_VARIABLE = YES;
				IPHONEOS_DEPLOYMENT_TARGET = 15.0;
				LOCALIZATION_PREFERS_STRING_CATALOGS = YES;
				MTL_ENABLE_DEBUG_INFO = NO;
				MTL_FAST_MATH = YES;
				SDKROOT = iphoneos;
				SWIFT_COMPILATION_MODE = wholemodule;
				VALIDATE_PRODUCT = YES;
			};
			name = Release;
		};
		D4B0C2C12C655B5900CB5F76 /* Debug */ = {
			isa = XCBuildConfiguration;
			buildSettings = {
				ASSETCATALOG_COMPILER_APPICON_NAME = AppIcon;
				ASSETCATALOG_COMPILER_GLOBAL_ACCENT_COLOR_NAME = AccentColor;
				CODE_SIGN_STYLE = Automatic;
				CURRENT_PROJECT_VERSION = 0000;
				DEVELOPMENT_TEAM = P53V4JS928;
				GENERATE_INFOPLIST_FILE = YES;
				INFOPLIST_FILE = Tests/LGV_7_Segment_Tester/Meta/Info.plist;
				INFOPLIST_KEY_UIApplicationSupportsIndirectInputEvents = YES;
				INFOPLIST_KEY_UILaunchStoryboardName = LGV_7ST_LaunchScreen;
				INFOPLIST_KEY_UIMainStoryboardFile = LGV_7ST_Main;
				INFOPLIST_KEY_UISupportedInterfaceOrientations_iPad = "UIInterfaceOrientationPortrait UIInterfaceOrientationPortraitUpsideDown UIInterfaceOrientationLandscapeLeft UIInterfaceOrientationLandscapeRight";
				INFOPLIST_KEY_UISupportedInterfaceOrientations_iPhone = "UIInterfaceOrientationPortrait UIInterfaceOrientationLandscapeLeft UIInterfaceOrientationLandscapeRight";
				LD_RUNPATH_SEARCH_PATHS = (
					"$(inherited)",
					"@executable_path/Frameworks",
				);
				MARKETING_VERSION = 1.0.0;
				PRODUCT_BUNDLE_IDENTIFIER = "org.littlegreenviper.LGV-7-Segment";
				PRODUCT_NAME = "$(TARGET_NAME)";
				SWIFT_EMIT_LOC_STRINGS = YES;
				SWIFT_VERSION = 5.0;
				TARGETED_DEVICE_FAMILY = "1,2";
			};
			name = Debug;
		};
		D4B0C2C22C655B5900CB5F76 /* Release */ = {
			isa = XCBuildConfiguration;
			buildSettings = {
				ASSETCATALOG_COMPILER_APPICON_NAME = AppIcon;
				ASSETCATALOG_COMPILER_GLOBAL_ACCENT_COLOR_NAME = AccentColor;
				CODE_SIGN_STYLE = Automatic;
				CURRENT_PROJECT_VERSION = 0000;
				DEVELOPMENT_TEAM = P53V4JS928;
				GENERATE_INFOPLIST_FILE = YES;
				INFOPLIST_FILE = Tests/LGV_7_Segment_Tester/Meta/Info.plist;
				INFOPLIST_KEY_UIApplicationSupportsIndirectInputEvents = YES;
				INFOPLIST_KEY_UILaunchStoryboardName = LGV_7ST_LaunchScreen;
				INFOPLIST_KEY_UIMainStoryboardFile = LGV_7ST_Main;
				INFOPLIST_KEY_UISupportedInterfaceOrientations_iPad = "UIInterfaceOrientationPortrait UIInterfaceOrientationPortraitUpsideDown UIInterfaceOrientationLandscapeLeft UIInterfaceOrientationLandscapeRight";
				INFOPLIST_KEY_UISupportedInterfaceOrientations_iPhone = "UIInterfaceOrientationPortrait UIInterfaceOrientationLandscapeLeft UIInterfaceOrientationLandscapeRight";
				LD_RUNPATH_SEARCH_PATHS = (
					"$(inherited)",
					"@executable_path/Frameworks",
				);
				MARKETING_VERSION = 1.0.0;
				PRODUCT_BUNDLE_IDENTIFIER = "org.littlegreenviper.LGV-7-Segment";
				PRODUCT_NAME = "$(TARGET_NAME)";
				SWIFT_EMIT_LOC_STRINGS = YES;
				SWIFT_VERSION = 5.0;
				TARGETED_DEVICE_FAMILY = "1,2";
			};
			name = Release;
		};
		D4B0C2CC2C655BB000CB5F76 /* Debug */ = {
			isa = XCBuildConfiguration;
			buildSettings = {
				CODE_SIGN_STYLE = Automatic;
				DEVELOPMENT_TEAM = P53V4JS928;
				IPHONEOS_DEPLOYMENT_TARGET = 15.0;
				MACOSX_DEPLOYMENT_TARGET = 10.15;
				OTHER_LDFLAGS = "-ObjC";
				PRODUCT_NAME = "$(TARGET_NAME)";
				SKIP_INSTALL = YES;
				SWIFT_VERSION = 5.0;
				TARGETED_DEVICE_FAMILY = "1,2";
				TVOS_DEPLOYMENT_TARGET = 15.0;
				WATCHOS_DEPLOYMENT_TARGET = 7.0;
				XROS_DEPLOYMENT_TARGET = 1.0;
			};
			name = Debug;
		};
		D4B0C2CD2C655BB000CB5F76 /* Release */ = {
			isa = XCBuildConfiguration;
			buildSettings = {
				CODE_SIGN_STYLE = Automatic;
				DEVELOPMENT_TEAM = P53V4JS928;
				IPHONEOS_DEPLOYMENT_TARGET = 15.0;
				MACOSX_DEPLOYMENT_TARGET = 10.15;
				OTHER_LDFLAGS = "-ObjC";
				PRODUCT_NAME = "$(TARGET_NAME)";
				SKIP_INSTALL = YES;
				SWIFT_VERSION = 5.0;
				TARGETED_DEVICE_FAMILY = "1,2";
				TVOS_DEPLOYMENT_TARGET = 15.0;
				WATCHOS_DEPLOYMENT_TARGET = 7.0;
				XROS_DEPLOYMENT_TARGET = 1.0;
			};
			name = Release;
		};
		D4BF0C432C692FE60006A898 /* Debug */ = {
			isa = XCBuildConfiguration;
			buildSettings = {
				ASSETCATALOG_COMPILER_APPICON_NAME = AppIcon;
				ASSETCATALOG_COMPILER_GLOBAL_ACCENT_COLOR_NAME = AccentColor;
				CODE_SIGN_STYLE = Automatic;
				CURRENT_PROJECT_VERSION = 0000;
				DEVELOPMENT_TEAM = P53V4JS928;
				GENERATE_INFOPLIST_FILE = YES;
				INFOPLIST_FILE = Tests/LGV_7_Segment_Group_Tester/Meta/Info.plist;
				INFOPLIST_KEY_UIApplicationSupportsIndirectInputEvents = YES;
				INFOPLIST_KEY_UILaunchStoryboardName = LGV_7SGT_LaunchScreen;
				INFOPLIST_KEY_UIMainStoryboardFile = LGV_7SGT_Main;
				INFOPLIST_KEY_UISupportedInterfaceOrientations_iPad = "UIInterfaceOrientationPortrait UIInterfaceOrientationPortraitUpsideDown UIInterfaceOrientationLandscapeLeft UIInterfaceOrientationLandscapeRight";
				INFOPLIST_KEY_UISupportedInterfaceOrientations_iPhone = "UIInterfaceOrientationPortrait UIInterfaceOrientationLandscapeLeft UIInterfaceOrientationLandscapeRight";
				IPHONEOS_DEPLOYMENT_TARGET = 16.0;
				LD_RUNPATH_SEARCH_PATHS = (
					"$(inherited)",
					"@executable_path/Frameworks",
				);
				MARKETING_VERSION = 1.0.0;
				PRODUCT_BUNDLE_IDENTIFIER = "org.littlegreenviper.LGV-7-Segment-Group-Tester";
				PRODUCT_NAME = "$(TARGET_NAME)";
				SWIFT_EMIT_LOC_STRINGS = YES;
				SWIFT_VERSION = 5.0;
				TARGETED_DEVICE_FAMILY = "1,2";
			};
			name = Debug;
		};
		D4BF0C442C692FE60006A898 /* Release */ = {
			isa = XCBuildConfiguration;
			buildSettings = {
				ASSETCATALOG_COMPILER_APPICON_NAME = AppIcon;
				ASSETCATALOG_COMPILER_GLOBAL_ACCENT_COLOR_NAME = AccentColor;
				CODE_SIGN_STYLE = Automatic;
				CURRENT_PROJECT_VERSION = 0000;
				DEVELOPMENT_TEAM = P53V4JS928;
				GENERATE_INFOPLIST_FILE = YES;
				INFOPLIST_FILE = Tests/LGV_7_Segment_Group_Tester/Meta/Info.plist;
				INFOPLIST_KEY_UIApplicationSupportsIndirectInputEvents = YES;
				INFOPLIST_KEY_UILaunchStoryboardName = LGV_7SGT_LaunchScreen;
				INFOPLIST_KEY_UIMainStoryboardFile = LGV_7SGT_Main;
				INFOPLIST_KEY_UISupportedInterfaceOrientations_iPad = "UIInterfaceOrientationPortrait UIInterfaceOrientationPortraitUpsideDown UIInterfaceOrientationLandscapeLeft UIInterfaceOrientationLandscapeRight";
				INFOPLIST_KEY_UISupportedInterfaceOrientations_iPhone = "UIInterfaceOrientationPortrait UIInterfaceOrientationLandscapeLeft UIInterfaceOrientationLandscapeRight";
				IPHONEOS_DEPLOYMENT_TARGET = 16.0;
				LD_RUNPATH_SEARCH_PATHS = (
					"$(inherited)",
					"@executable_path/Frameworks",
				);
				MARKETING_VERSION = 1.0.0;
				PRODUCT_BUNDLE_IDENTIFIER = "org.littlegreenviper.LGV-7-Segment-Group-Tester";
				PRODUCT_NAME = "$(TARGET_NAME)";
				SWIFT_EMIT_LOC_STRINGS = YES;
				SWIFT_VERSION = 5.0;
				TARGETED_DEVICE_FAMILY = "1,2";
			};
			name = Release;
		};
/* End XCBuildConfiguration section */

/* Begin XCConfigurationList section */
		D4B0C2A72C655B5800CB5F76 /* Build configuration list for PBXProject "LGV_7_Segment" */ = {
			isa = XCConfigurationList;
			buildConfigurations = (
				D4B0C2BE2C655B5900CB5F76 /* Debug */,
				D4B0C2BF2C655B5900CB5F76 /* Release */,
			);
			defaultConfigurationIsVisible = 0;
			defaultConfigurationName = Release;
		};
		D4B0C2C02C655B5900CB5F76 /* Build configuration list for PBXNativeTarget "LGV_7_Segment_Tester" */ = {
			isa = XCConfigurationList;
			buildConfigurations = (
				D4B0C2C12C655B5900CB5F76 /* Debug */,
				D4B0C2C22C655B5900CB5F76 /* Release */,
			);
			defaultConfigurationIsVisible = 0;
			defaultConfigurationName = Release;
		};
		D4B0C2CB2C655BB000CB5F76 /* Build configuration list for PBXNativeTarget "LGV_7_Segment" */ = {
			isa = XCConfigurationList;
			buildConfigurations = (
				D4B0C2CC2C655BB000CB5F76 /* Debug */,
				D4B0C2CD2C655BB000CB5F76 /* Release */,
			);
			defaultConfigurationIsVisible = 0;
			defaultConfigurationName = Release;
		};
		D4BF0C422C692FE60006A898 /* Build configuration list for PBXNativeTarget "LGV_7_Segment_Group_Tester" */ = {
			isa = XCConfigurationList;
			buildConfigurations = (
				D4BF0C432C692FE60006A898 /* Debug */,
				D4BF0C442C692FE60006A898 /* Release */,
			);
			defaultConfigurationIsVisible = 0;
			defaultConfigurationName = Release;
		};
/* End XCConfigurationList section */

/* Begin XCRemoteSwiftPackageReference section */
		D4E14C002C68EA92008AE070 /* XCRemoteSwiftPackageReference "RVS_Generic_Swift_Toolbox" */ = {
			isa = XCRemoteSwiftPackageReference;
			repositoryURL = "https://github.com/RiftValleySoftware/RVS_Generic_Swift_Toolbox";
			requirement = {
				kind = upToNextMajorVersion;
				minimumVersion = 1.13.3;
			};
		};
/* End XCRemoteSwiftPackageReference section */

/* Begin XCSwiftPackageProductDependency section */
		D4BF0C482C6931750006A898 /* RVS_Generic_Swift_Toolbox */ = {
			isa = XCSwiftPackageProductDependency;
			package = D4E14C002C68EA92008AE070 /* XCRemoteSwiftPackageReference "RVS_Generic_Swift_Toolbox" */;
			productName = RVS_Generic_Swift_Toolbox;
		};
		D4E14C012C68EA92008AE070 /* RVS_Generic_Swift_Toolbox */ = {
			isa = XCSwiftPackageProductDependency;
			package = D4E14C002C68EA92008AE070 /* XCRemoteSwiftPackageReference "RVS_Generic_Swift_Toolbox" */;
			productName = RVS_Generic_Swift_Toolbox;
		};
/* End XCSwiftPackageProductDependency section */
	};
	rootObject = D4B0C2A42C655B5800CB5F76 /* Project object */;
}
